
Microsoft Visual Studio Solution File, Format Version 12.00
# Visual Studio Version 17
VisualStudioVersion = 17.10.35013.160
MinimumVisualStudioVersion = 10.0.40219.1
Project("{FAE04EC0-301F-11D3-BF4B-00C04F79EFBC}") = "State", "State\State.csproj", "{1697C994-A82F-4E4D-9D44-171872262195}"
EndProject
Global
	GlobalSection(SolutionConfigurationPlatforms) = preSolution
		Debug|Any CPU = Debug|Any CPU
		Release|Any CPU = Release|Any CPU
	EndGlobalSection
	GlobalSection(ProjectConfigurationPlatforms) = postSolution
		{1697C994-A82F-4E4D-9D44-171872262195}.Debug|Any CPU.ActiveCfg = Debug|Any CPU
		{1697C994-A82F-4E4D-9D44-171872262195}.Debug|Any CPU.Build.0 = Debug|Any CPU
		{1697C994-A82F-4E4D-9D44-171872262195}.Release|Any CPU.ActiveCfg = Release|Any CPU
		{1697C994-A82F-4E4D-9D44-171872262195}.Release|Any CPU.Build.0 = Release|Any CPU
	EndGlobalSection
	GlobalSection(SolutionProperties) = preSolution
		HideSolutionNode = FALSE
	EndGlobalSection
	GlobalSection(ExtensibilityGlobals) = postSolution
		SolutionGuid = {9B42C119-CB44-42CE-BAD2-E1F559C4C1F0}
	EndGlobalSection
EndGlobal
