
Microsoft Visual Studio Solution File, Format Version 12.00
# Visual Studio Version 17
VisualStudioVersion = 17.10.35013.160
MinimumVisualStudioVersion = 10.0.40219.1
Project("{FAE04EC0-301F-11D3-BF4B-00C04F79EFBC}") = "Composite", "Composite\Composite.csproj", "{29DAA33C-2185-453C-A1E8-5B907DD723B1}"
EndProject
Global
	GlobalSection(SolutionConfigurationPlatforms) = preSolution
		Debug|Any CPU = Debug|Any CPU
		Release|Any CPU = Release|Any CPU
	EndGlobalSection
	GlobalSection(ProjectConfigurationPlatforms) = postSolution
		{29DAA33C-2185-453C-A1E8-5B907DD723B1}.Debug|Any CPU.ActiveCfg = Debug|Any CPU
		{29DAA33C-2185-453C-A1E8-5B907DD723B1}.Debug|Any CPU.Build.0 = Debug|Any CPU
		{29DAA33C-2185-453C-A1E8-5B907DD723B1}.Release|Any CPU.ActiveCfg = Release|Any CPU
		{29DAA33C-2185-453C-A1E8-5B907DD723B1}.Release|Any CPU.Build.0 = Release|Any CPU
	EndGlobalSection
	GlobalSection(SolutionProperties) = preSolution
		HideSolutionNode = FALSE
	EndGlobalSection
	GlobalSection(ExtensibilityGlobals) = postSolution
		SolutionGuid = {E0604E3A-FA84-4BAA-B518-C3644CF045E3}
	EndGlobalSection
EndGlobal
